// !$*UTF8*$!
{
	archiveVersion = 1;
	classes = {
	};
	objectVersion = 56;
	objects = {

/* Begin PBXBuildFile section */
		D4A620E72AC8D1B300F6EEFB /* AppDelegate.swift in Sources */ = {isa = PBXBuildFile; fileRef = D4A620E62AC8D1B300F6EEFB /* AppDelegate.swift */; };
		D4A620E92AC8D1B300F6EEFB /* SceneDelegate.swift in Sources */ = {isa = PBXBuildFile; fileRef = D4A620E82AC8D1B300F6EEFB /* SceneDelegate.swift */; };
		D4A620EB2AC8D1B300F6EEFB /* HomePage.swift in Sources */ = {isa = PBXBuildFile; fileRef = D4A620EA2AC8D1B300F6EEFB /* HomePage.swift */; };
		D4A620EE2AC8D1B300F6EEFB /* Main.storyboard in Resources */ = {isa = PBXBuildFile; fileRef = D4A620EC2AC8D1B300F6EEFB /* Main.storyboard */; };
		D4A620F02AC8D1B400F6EEFB /* Assets.xcassets in Resources */ = {isa = PBXBuildFile; fileRef = D4A620EF2AC8D1B400F6EEFB /* Assets.xcassets */; };
		D4A620F32AC8D1B400F6EEFB /* LaunchScreen.storyboard in Resources */ = {isa = PBXBuildFile; fileRef = D4A620F12AC8D1B400F6EEFB /* LaunchScreen.storyboard */; };
		D4A620FB2AC8D48B00F6EEFB /* PiyasalarVC.swift in Sources */ = {isa = PBXBuildFile; fileRef = D4A620FA2AC8D48B00F6EEFB /* PiyasalarVC.swift */; };
		D4A620FD2AC8D49A00F6EEFB /* AlimSatimVc.swift in Sources */ = {isa = PBXBuildFile; fileRef = D4A620FC2AC8D49A00F6EEFB /* AlimSatimVc.swift */; };
		D4A620FF2AC8D4A800F6EEFB /* VadeliVC.swift in Sources */ = {isa = PBXBuildFile; fileRef = D4A620FE2AC8D4A800F6EEFB /* VadeliVC.swift */; };
		D4A621012AC8D4B500F6EEFB /* CuzdanVC.swift in Sources */ = {isa = PBXBuildFile; fileRef = D4A621002AC8D4B500F6EEFB /* CuzdanVC.swift */; };
		D4A621092AC9581700F6EEFB /* CoinCell.swift in Sources */ = {isa = PBXBuildFile; fileRef = D4A621082AC9581700F6EEFB /* CoinCell.swift */; };
		D4A6210B2AC9596600F6EEFB /* Extensions.swift in Sources */ = {isa = PBXBuildFile; fileRef = D4A6210A2AC9596600F6EEFB /* Extensions.swift */; };
/* End PBXBuildFile section */

/* Begin PBXFileReference section */
		D4A620E32AC8D1B300F6EEFB /* TechCareer_Binance.app */ = {isa = PBXFileReference; explicitFileType = wrapper.application; includeInIndex = 0; path = TechCareer_Binance.app; sourceTree = BUILT_PRODUCTS_DIR; };
		D4A620E62AC8D1B300F6EEFB /* AppDelegate.swift */ = {isa = PBXFileReference; lastKnownFileType = sourcecode.swift; path = AppDelegate.swift; sourceTree = "<group>"; };
		D4A620E82AC8D1B300F6EEFB /* SceneDelegate.swift */ = {isa = PBXFileReference; lastKnownFileType = sourcecode.swift; path = SceneDelegate.swift; sourceTree = "<group>"; };
		D4A620EA2AC8D1B300F6EEFB /* HomePage.swift */ = {isa = PBXFileReference; lastKnownFileType = sourcecode.swift; path = HomePage.swift; sourceTree = "<group>"; };
		D4A620ED2AC8D1B300F6EEFB /* Base */ = {isa = PBXFileReference; lastKnownFileType = file.storyboard; name = Base; path = Base.lproj/Main.storyboard; sourceTree = "<group>"; };
		D4A620EF2AC8D1B400F6EEFB /* Assets.xcassets */ = {isa = PBXFileReference; lastKnownFileType = folder.assetcatalog; path = Assets.xcassets; sourceTree = "<group>"; };
		D4A620F22AC8D1B400F6EEFB /* Base */ = {isa = PBXFileReference; lastKnownFileType = file.storyboard; name = Base; path = Base.lproj/LaunchScreen.storyboard; sourceTree = "<group>"; };
		D4A620F42AC8D1B400F6EEFB /* Info.plist */ = {isa = PBXFileReference; lastKnownFileType = text.plist.xml; path = Info.plist; sourceTree = "<group>"; };
		D4A620FA2AC8D48B00F6EEFB /* PiyasalarVC.swift */ = {isa = PBXFileReference; lastKnownFileType = sourcecode.swift; path = PiyasalarVC.swift; sourceTree = "<group>"; };
		D4A620FC2AC8D49A00F6EEFB /* AlimSatimVc.swift */ = {isa = PBXFileReference; lastKnownFileType = sourcecode.swift; path = AlimSatimVc.swift; sourceTree = "<group>"; };
		D4A620FE2AC8D4A800F6EEFB /* VadeliVC.swift */ = {isa = PBXFileReference; lastKnownFileType = sourcecode.swift; path = VadeliVC.swift; sourceTree = "<group>"; };
		D4A621002AC8D4B500F6EEFB /* CuzdanVC.swift */ = {isa = PBXFileReference; lastKnownFileType = sourcecode.swift; path = CuzdanVC.swift; sourceTree = "<group>"; };
		D4A621082AC9581700F6EEFB /* CoinCell.swift */ = {isa = PBXFileReference; lastKnownFileType = sourcecode.swift; path = CoinCell.swift; sourceTree = "<group>"; };
		D4A6210A2AC9596600F6EEFB /* Extensions.swift */ = {isa = PBXFileReference; lastKnownFileType = sourcecode.swift; path = Extensions.swift; sourceTree = "<group>"; };
/* End PBXFileReference section */

/* Begin PBXFrameworksBuildPhase section */
		D4A620E02AC8D1B300F6EEFB /* Frameworks */ = {
			isa = PBXFrameworksBuildPhase;
			buildActionMask = 2147483647;
			files = (
			);
			runOnlyForDeploymentPostprocessing = 0;
		};
/* End PBXFrameworksBuildPhase section */

/* Begin PBXGroup section */
		D4A620DA2AC8D1B300F6EEFB = {
			isa = PBXGroup;
			children = (
				D4A620E52AC8D1B300F6EEFB /* TechCareer_Binance */,
				D4A620E42AC8D1B300F6EEFB /* Products */,
			);
			sourceTree = "<group>";
		};
		D4A620E42AC8D1B300F6EEFB /* Products */ = {
			isa = PBXGroup;
			children = (
				D4A620E32AC8D1B300F6EEFB /* TechCareer_Binance.app */,
			);
			name = Products;
			sourceTree = "<group>";
		};
		D4A620E52AC8D1B300F6EEFB /* TechCareer_Binance */ = {
			isa = PBXGroup;
			children = (
				D4A621052AC8D60900F6EEFB /* Views */,
				D4A621042AC8D60000F6EEFB /* Resource */,
				D4A620EC2AC8D1B300F6EEFB /* Main.storyboard */,
				D4A620F42AC8D1B400F6EEFB /* Info.plist */,
			);
			path = TechCareer_Binance;
			sourceTree = "<group>";
		};
		D4A621042AC8D60000F6EEFB /* Resource */ = {
			isa = PBXGroup;
			children = (
				D4A620E62AC8D1B300F6EEFB /* AppDelegate.swift */,
				D4A620E82AC8D1B300F6EEFB /* SceneDelegate.swift */,
				D4A620EF2AC8D1B400F6EEFB /* Assets.xcassets */,
				D4A620F12AC8D1B400F6EEFB /* LaunchScreen.storyboard */,
				D4A6210A2AC9596600F6EEFB /* Extensions.swift */,
			);
			path = Resource;
			sourceTree = "<group>";
		};
		D4A621052AC8D60900F6EEFB /* Views */ = {
			isa = PBXGroup;
			children = (
				D4A621072AC8D62400F6EEFB /* Cells */,
				D4A621062AC8D61A00F6EEFB /* ViewControllers */,
			);
			path = Views;
			sourceTree = "<group>";
		};
		D4A621062AC8D61A00F6EEFB /* ViewControllers */ = {
			isa = PBXGroup;
			children = (
				D4A620EA2AC8D1B300F6EEFB /* HomePage.swift */,
				D4A620FA2AC8D48B00F6EEFB /* PiyasalarVC.swift */,
				D4A620FC2AC8D49A00F6EEFB /* AlimSatimVc.swift */,
				D4A620FE2AC8D4A800F6EEFB /* VadeliVC.swift */,
				D4A621002AC8D4B500F6EEFB /* CuzdanVC.swift */,
			);
			path = ViewControllers;
			sourceTree = "<group>";
		};
		D4A621072AC8D62400F6EEFB /* Cells */ = {
			isa = PBXGroup;
			children = (
				D4A621082AC9581700F6EEFB /* CoinCell.swift */,
			);
			path = Cells;
			sourceTree = "<group>";
		};
/* End PBXGroup section */

/* Begin PBXNativeTarget section */
		D4A620E22AC8D1B300F6EEFB /* TechCareer_Binance */ = {
			isa = PBXNativeTarget;
			buildConfigurationList = D4A620F72AC8D1B400F6EEFB /* Build configuration list for PBXNativeTarget "TechCareer_Binance" */;
			buildPhases = (
				D4A620DF2AC8D1B300F6EEFB /* Sources */,
				D4A620E02AC8D1B300F6EEFB /* Frameworks */,
				D4A620E12AC8D1B300F6EEFB /* Resources */,
			);
			buildRules = (
			);
			dependencies = (
			);
			name = TechCareer_Binance;
			productName = TechCareer_Binance;
			productReference = D4A620E32AC8D1B300F6EEFB /* TechCareer_Binance.app */;
			productType = "com.apple.product-type.application";
		};
/* End PBXNativeTarget section */

/* Begin PBXProject section */
		D4A620DB2AC8D1B300F6EEFB /* Project object */ = {
			isa = PBXProject;
			attributes = {
				BuildIndependentTargetsInParallel = 1;
				LastSwiftUpdateCheck = 1500;
				LastUpgradeCheck = 1500;
				TargetAttributes = {
					D4A620E22AC8D1B300F6EEFB = {
						CreatedOnToolsVersion = 15.0;
					};
				};
			};
			buildConfigurationList = D4A620DE2AC8D1B300F6EEFB /* Build configuration list for PBXProject "TechCareer_Binance" */;
			compatibilityVersion = "Xcode 14.0";
			developmentRegion = en;
			hasScannedForEncodings = 0;
			knownRegions = (
				en,
				Base,
			);
			mainGroup = D4A620DA2AC8D1B300F6EEFB;
			productRefGroup = D4A620E42AC8D1B300F6EEFB /* Products */;
			projectDirPath = "";
			projectRoot = "";
			targets = (
				D4A620E22AC8D1B300F6EEFB /* TechCareer_Binance */,
			);
		};
/* End PBXProject section */

/* Begin PBXResourcesBuildPhase section */
		D4A620E12AC8D1B300F6EEFB /* Resources */ = {
			isa = PBXResourcesBuildPhase;
			buildActionMask = 2147483647;
			files = (
				D4A620F32AC8D1B400F6EEFB /* LaunchScreen.storyboard in Resources */,
				D4A620F02AC8D1B400F6EEFB /* Assets.xcassets in Resources */,
				D4A620EE2AC8D1B300F6EEFB /* Main.storyboard in Resources */,
			);
			runOnlyForDeploymentPostprocessing = 0;
		};
/* End PBXResourcesBuildPhase section */

/* Begin PBXSourcesBuildPhase section */
		D4A620DF2AC8D1B300F6EEFB /* Sources */ = {
			isa = PBXSourcesBuildPhase;
			buildActionMask = 2147483647;
			files = (
				D4A620FD2AC8D49A00F6EEFB /* AlimSatimVc.swift in Sources */,
				D4A6210B2AC9596600F6EEFB /* Extensions.swift in Sources */,
				D4A620EB2AC8D1B300F6EEFB /* HomePage.swift in Sources */,
				D4A621092AC9581700F6EEFB /* CoinCell.swift in Sources */,
				D4A620E72AC8D1B300F6EEFB /* AppDelegate.swift in Sources */,
				D4A620E92AC8D1B300F6EEFB /* SceneDelegate.swift in Sources */,
				D4A620FB2AC8D48B00F6EEFB /* PiyasalarVC.swift in Sources */,
				D4A621012AC8D4B500F6EEFB /* CuzdanVC.swift in Sources */,
				D4A620FF2AC8D4A800F6EEFB /* VadeliVC.swift in Sources */,
			);
			runOnlyForDeploymentPostprocessing = 0;
		};
/* End PBXSourcesBuildPhase section */

/* Begin PBXVariantGroup section */
		D4A620EC2AC8D1B300F6EEFB /* Main.storyboard */ = {
			isa = PBXVariantGroup;
			children = (
				D4A620ED2AC8D1B300F6EEFB /* Base */,
			);
			name = Main.storyboard;
			sourceTree = "<group>";
		};
		D4A620F12AC8D1B400F6EEFB /* LaunchScreen.storyboard */ = {
			isa = PBXVariantGroup;
			children = (
				D4A620F22AC8D1B400F6EEFB /* Base */,
			);
			name = LaunchScreen.storyboard;
			sourceTree = "<group>";
		};
/* End PBXVariantGroup section */

/* Begin XCBuildConfiguration section */
		D4A620F52AC8D1B400F6EEFB /* Debug */ = {
			isa = XCBuildConfiguration;
			buildSettings = {
				ALWAYS_SEARCH_USER_PATHS = NO;
				ASSETCATALOG_COMPILER_GENERATE_SWIFT_ASSET_SYMBOL_EXTENSIONS = YES;
				CLANG_ANALYZER_NONNULL = YES;
				CLANG_ANALYZER_NUMBER_OBJECT_CONVERSION = YES_AGGRESSIVE;
				CLANG_CXX_LANGUAGE_STANDARD = "gnu++20";
				CLANG_ENABLE_MODULES = YES;
				CLANG_ENABLE_OBJC_ARC = YES;
				CLANG_ENABLE_OBJC_WEAK = YES;
				CLANG_WARN_BLOCK_CAPTURE_AUTORELEASING = YES;
				CLANG_WARN_BOOL_CONVERSION = YES;
				CLANG_WARN_COMMA = YES;
				CLANG_WARN_CONSTANT_CONVERSION = YES;
				CLANG_WARN_DEPRECATED_OBJC_IMPLEMENTATIONS = YES;
				CLANG_WARN_DIRECT_OBJC_ISA_USAGE = YES_ERROR;
				CLANG_WARN_DOCUMENTATION_COMMENTS = YES;
				CLANG_WARN_EMPTY_BODY = YES;
				CLANG_WARN_ENUM_CONVERSION = YES;
				CLANG_WARN_INFINITE_RECURSION = YES;
				CLANG_WARN_INT_CONVERSION = YES;
				CLANG_WARN_NON_LITERAL_NULL_CONVERSION = YES;
				CLANG_WARN_OBJC_IMPLICIT_RETAIN_SELF = YES;
				CLANG_WARN_OBJC_LITERAL_CONVERSION = YES;
				CLANG_WARN_OBJC_ROOT_CLASS = YES_ERROR;
				CLANG_WARN_QUOTED_INCLUDE_IN_FRAMEWORK_HEADER = YES;
				CLANG_WARN_RANGE_LOOP_ANALYSIS = YES;
				CLANG_WARN_STRICT_PROTOTYPES = YES;
				CLANG_WARN_SUSPICIOUS_MOVE = YES;
				CLANG_WARN_UNGUARDED_AVAILABILITY = YES_AGGRESSIVE;
				CLANG_WARN_UNREACHABLE_CODE = YES;
				CLANG_WARN__DUPLICATE_METHOD_MATCH = YES;
				COPY_PHASE_STRIP = NO;
				DEBUG_INFORMATION_FORMAT = dwarf;
				ENABLE_STRICT_OBJC_MSGSEND = YES;
				ENABLE_TESTABILITY = YES;
				ENABLE_USER_SCRIPT_SANDBOXING = YES;
				GCC_C_LANGUAGE_STANDARD = gnu17;
				GCC_DYNAMIC_NO_PIC = NO;
				GCC_NO_COMMON_BLOCKS = YES;
				GCC_OPTIMIZATION_LEVEL = 0;
				GCC_PREPROCESSOR_DEFINITIONS = (
					"DEBUG=1",
					"$(inherited)",
				);
				GCC_WARN_64_TO_32_BIT_CONVERSION = YES;
				GCC_WARN_ABOUT_RETURN_TYPE = YES_ERROR;
				GCC_WARN_UNDECLARED_SELECTOR = YES;
				GCC_WARN_UNINITIALIZED_AUTOS = YES_AGGRESSIVE;
				GCC_WARN_UNUSED_FUNCTION = YES;
				GCC_WARN_UNUSED_VARIABLE = YES;
				IPHONEOS_DEPLOYMENT_TARGET = 17.0;
				LOCALIZATION_PREFERS_STRING_CATALOGS = YES;
				MTL_ENABLE_DEBUG_INFO = INCLUDE_SOURCE;
				MTL_FAST_MATH = YES;
				ONLY_ACTIVE_ARCH = YES;
				SDKROOT = iphoneos;
				SWIFT_ACTIVE_COMPILATION_CONDITIONS = "DEBUG $(inherited)";
				SWIFT_OPTIMIZATION_LEVEL = "-Onone";
			};
			name = Debug;
		};
		D4A620F62AC8D1B400F6EEFB /* Release */ = {
			isa = XCBuildConfiguration;
			buildSettings = {
				ALWAYS_SEARCH_USER_PATHS = NO;
				ASSETCATALOG_COMPILER_GENERATE_SWIFT_ASSET_SYMBOL_EXTENSIONS = YES;
				CLANG_ANALYZER_NONNULL = YES;
				CLANG_ANALYZER_NUMBER_OBJECT_CONVERSION = YES_AGGRESSIVE;
				CLANG_CXX_LANGUAGE_STANDARD = "gnu++20";
				CLANG_ENABLE_MODULES = YES;
				CLANG_ENABLE_OBJC_ARC = YES;
				CLANG_ENABLE_OBJC_WEAK = YES;
				CLANG_WARN_BLOCK_CAPTURE_AUTORELEASING = YES;
				CLANG_WARN_BOOL_CONVERSION = YES;
				CLANG_WARN_COMMA = YES;
				CLANG_WARN_CONSTANT_CONVERSION = YES;
				CLANG_WARN_DEPRECATED_OBJC_IMPLEMENTATIONS = YES;
				CLANG_WARN_DIRECT_OBJC_ISA_USAGE = YES_ERROR;
				CLANG_WARN_DOCUMENTATION_COMMENTS = YES;
				CLANG_WARN_EMPTY_BODY = YES;
				CLANG_WARN_ENUM_CONVERSION = YES;
				CLANG_WARN_INFINITE_RECURSION = YES;
				CLANG_WARN_INT_CONVERSION = YES;
				CLANG_WARN_NON_LITERAL_NULL_CONVERSION = YES;
				CLANG_WARN_OBJC_IMPLICIT_RETAIN_SELF = YES;
				CLANG_WARN_OBJC_LITERAL_CONVERSION = YES;
				CLANG_WARN_OBJC_ROOT_CLASS = YES_ERROR;
				CLANG_WARN_QUOTED_INCLUDE_IN_FRAMEWORK_HEADER = YES;
				CLANG_WARN_RANGE_LOOP_ANALYSIS = YES;
				CLANG_WARN_STRICT_PROTOTYPES = YES;
				CLANG_WARN_SUSPICIOUS_MOVE = YES;
				CLANG_WARN_UNGUARDED_AVAILABILITY = YES_AGGRESSIVE;
				CLANG_WARN_UNREACHABLE_CODE = YES;
				CLANG_WARN__DUPLICATE_METHOD_MATCH = YES;
				COPY_PHASE_STRIP = NO;
				DEBUG_INFORMATION_FORMAT = "dwarf-with-dsym";
				ENABLE_NS_ASSERTIONS = NO;
				ENABLE_STRICT_OBJC_MSGSEND = YES;
				ENABLE_USER_SCRIPT_SANDBOXING = YES;
				GCC_C_LANGUAGE_STANDARD = gnu17;
				GCC_NO_COMMON_BLOCKS = YES;
				GCC_WARN_64_TO_32_BIT_CONVERSION = YES;
				GCC_WARN_ABOUT_RETURN_TYPE = YES_ERROR;
				GCC_WARN_UNDECLARED_SELECTOR = YES;
				GCC_WARN_UNINITIALIZED_AUTOS = YES_AGGRESSIVE;
				GCC_WARN_UNUSED_FUNCTION = YES;
				GCC_WARN_UNUSED_VARIABLE = YES;
				IPHONEOS_DEPLOYMENT_TARGET = 17.0;
				LOCALIZATION_PREFERS_STRING_CATALOGS = YES;
				MTL_ENABLE_DEBUG_INFO = NO;
				MTL_FAST_MATH = YES;
				SDKROOT = iphoneos;
				SWIFT_COMPILATION_MODE = wholemodule;
				VALIDATE_PRODUCT = YES;
			};
			name = Release;
		};
		D4A620F82AC8D1B400F6EEFB /* Debug */ = {
			isa = XCBuildConfiguration;
			buildSettings = {
				ASSETCATALOG_COMPILER_APPICON_NAME = AppIcon;
				ASSETCATALOG_COMPILER_GLOBAL_ACCENT_COLOR_NAME = AccentColor;
				CODE_SIGN_STYLE = Automatic;
				CURRENT_PROJECT_VERSION = 1;
				DEVELOPMENT_TEAM = 373Z282HAT;
				GENERATE_INFOPLIST_FILE = YES;
				INFOPLIST_FILE = TechCareer_Binance/Info.plist;
				INFOPLIST_KEY_UIApplicationSupportsIndirectInputEvents = YES;
				INFOPLIST_KEY_UILaunchStoryboardName = LaunchScreen;
				INFOPLIST_KEY_UIMainStoryboardFile = Main;
				INFOPLIST_KEY_UISupportedInterfaceOrientations_iPad = "UIInterfaceOrientationPortrait UIInterfaceOrientationPortraitUpsideDown UIInterfaceOrientationLandscapeLeft UIInterfaceOrientationLandscapeRight";
				INFOPLIST_KEY_UISupportedInterfaceOrientations_iPhone = "UIInterfaceOrientationPortrait UIInterfaceOrientationLandscapeLeft UIInterfaceOrientationLandscapeRight";
				LD_RUNPATH_SEARCH_PATHS = (
					"$(inherited)",
					"@executable_path/Frameworks",
				);
				MARKETING_VERSION = 1.0;
				PRODUCT_BUNDLE_IDENTIFIER = "com.hakanbaran.TechCareer-Binance";
				PRODUCT_NAME = "$(TARGET_NAME)";
				SWIFT_EMIT_LOC_STRINGS = YES;
				SWIFT_VERSION = 5.0;
				TARGETED_DEVICE_FAMILY = "1,2";
			};
			name = Debug;
		};
		D4A620F92AC8D1B400F6EEFB /* Release */ = {
			isa = XCBuildConfiguration;
			buildSettings = {
				ASSETCATALOG_COMPILER_APPICON_NAME = AppIcon;
				ASSETCATALOG_COMPILER_GLOBAL_ACCENT_COLOR_NAME = AccentColor;
				CODE_SIGN_STYLE = Automatic;
				CURRENT_PROJECT_VERSION = 1;
				DEVELOPMENT_TEAM = 373Z282HAT;
				GENERATE_INFOPLIST_FILE = YES;
				INFOPLIST_FILE = TechCareer_Binance/Info.plist;
				INFOPLIST_KEY_UIApplicationSupportsIndirectInputEvents = YES;
				INFOPLIST_KEY_UILaunchStoryboardName = LaunchScreen;
				INFOPLIST_KEY_UIMainStoryboardFile = Main;
				INFOPLIST_KEY_UISupportedInterfaceOrientations_iPad = "UIInterfaceOrientationPortrait UIInterfaceOrientationPortraitUpsideDown UIInterfaceOrientationLandscapeLeft UIInterfaceOrientationLandscapeRight";
				INFOPLIST_KEY_UISupportedInterfaceOrientations_iPhone = "UIInterfaceOrientationPortrait UIInterfaceOrientationLandscapeLeft UIInterfaceOrientationLandscapeRight";
				LD_RUNPATH_SEARCH_PATHS = (
					"$(inherited)",
					"@executable_path/Frameworks",
				);
				MARKETING_VERSION = 1.0;
				PRODUCT_BUNDLE_IDENTIFIER = "com.hakanbaran.TechCareer-Binance";
				PRODUCT_NAME = "$(TARGET_NAME)";
				SWIFT_EMIT_LOC_STRINGS = YES;
				SWIFT_VERSION = 5.0;
				TARGETED_DEVICE_FAMILY = "1,2";
			};
			name = Release;
		};
/* End XCBuildConfiguration section */

/* Begin XCConfigurationList section */
		D4A620DE2AC8D1B300F6EEFB /* Build configuration list for PBXProject "TechCareer_Binance" */ = {
			isa = XCConfigurationList;
			buildConfigurations = (
				D4A620F52AC8D1B400F6EEFB /* Debug */,
				D4A620F62AC8D1B400F6EEFB /* Release */,
			);
			defaultConfigurationIsVisible = 0;
			defaultConfigurationName = Release;
		};
		D4A620F72AC8D1B400F6EEFB /* Build configuration list for PBXNativeTarget "TechCareer_Binance" */ = {
			isa = XCConfigurationList;
			buildConfigurations = (
				D4A620F82AC8D1B400F6EEFB /* Debug */,
				D4A620F92AC8D1B400F6EEFB /* Release */,
			);
			defaultConfigurationIsVisible = 0;
			defaultConfigurationName = Release;
		};
/* End XCConfigurationList section */
	};
	rootObject = D4A620DB2AC8D1B300F6EEFB /* Project object */;
}
